
Microsoft Visual Studio Solution File, Format Version 12.00
# Visual Studio 2013
VisualStudioVersion = 12.0.21005.1
Project("{E24C65DC-7377-472B-9ABA-BC803B73C61A}") = "boxstarter.web(1)", "http://localhost:3768", "{45BB343F-1C9A-4C43-BA7A-6BC4B8FF24EC}"
	ProjectSection(WebsiteProperties) = preProject
		UseIISExpress = "true"
		TargetFrameworkMoniker = ".NETFramework,Version%3Dv4.5"
		Debug.AspNetCompiler.VirtualPath = "/localhost_3768"
		Debug.AspNetCompiler.PhysicalPath = "boxstarter.web\"
		Debug.AspNetCompiler.TargetPath = "PrecompiledWeb\localhost_3768\"
		Debug.AspNetCompiler.Updateable = "true"
		Debug.AspNetCompiler.ForceOverwrite = "true"
		Debug.AspNetCompiler.FixedNames = "false"
		Debug.AspNetCompiler.Debug = "True"
		Release.AspNetCompiler.VirtualPath = "/localhost_3768"
		Release.AspNetCompiler.PhysicalPath = "boxstarter.web\"
		Release.AspNetCompiler.TargetPath = "PrecompiledWeb\localhost_3768\"
		Release.AspNetCompiler.Updateable = "true"
		Release.AspNetCompiler.ForceOverwrite = "true"
		Release.AspNetCompiler.FixedNames = "false"
		Release.AspNetCompiler.Debug = "False"
		SlnRelativePath = "boxstarter.web\"
	EndProjectSection
EndProject
Global
	GlobalSection(SolutionConfigurationPlatforms) = preSolution
		Debug|Any CPU = Debug|Any CPU
	EndGlobalSection
	GlobalSection(ProjectConfigurationPlatforms) = postSolution
		{45BB343F-1C9A-4C43-BA7A-6BC4B8FF24EC}.Debug|Any CPU.ActiveCfg = Debug|Any CPU
		{45BB343F-1C9A-4C43-BA7A-6BC4B8FF24EC}.Debug|Any CPU.Build.0 = Debug|Any CPU
	EndGlobalSection
	GlobalSection(SolutionProperties) = preSolution
		HideSolutionNode = FALSE
	EndGlobalSection
EndGlobal
