
Microsoft Visual Studio Solution File, Format Version 12.00
# Visual Studio 2013
VisualStudioVersion = 12.0.20623.1 VSUPREVIEW
MinimumVisualStudioVersion = 10.0.40219.1
Project("{FAE04EC0-301F-11D3-BF4B-00C04F79EFBC}") = "Boxstarter.WebLaunch", "Boxstarter.WebLaunch.csproj", "{7339091F-13A0-4353-8DED-589BDFC8FE0F}"
EndProject
Project("{E24C65DC-7377-472B-9ABA-BC803B73C61A}") = "Public", "http://localhost/Public", "{9E2FF6E9-3B20-4C63-A0F2-ACD11CF74245}"
	ProjectSection(WebsiteProperties) = preProject
		UseIISExpress = "false"
		TargetFrameworkMoniker = ".NETFramework,Version%3Dv4.0"
		Debug.AspNetCompiler.VirtualPath = "/Public"
		Debug.AspNetCompiler.PhysicalPath = "..\Public\"
		Debug.AspNetCompiler.TargetPath = "PrecompiledWeb\Public\"
		Debug.AspNetCompiler.Updateable = "true"
		Debug.AspNetCompiler.ForceOverwrite = "true"
		Debug.AspNetCompiler.FixedNames = "false"
		Debug.AspNetCompiler.Debug = "True"
		Release.AspNetCompiler.VirtualPath = "/Public"
		Release.AspNetCompiler.PhysicalPath = "..\Public\"
		Release.AspNetCompiler.TargetPath = "PrecompiledWeb\Public\"
		Release.AspNetCompiler.Updateable = "true"
		Release.AspNetCompiler.ForceOverwrite = "true"
		Release.AspNetCompiler.FixedNames = "false"
		Release.AspNetCompiler.Debug = "False"
		SlnRelativePath = "..\Public\"
	EndProjectSection
EndProject
Global
	GlobalSection(SolutionConfigurationPlatforms) = preSolution
		Debug|Any CPU = Debug|Any CPU
		Release|Any CPU = Release|Any CPU
	EndGlobalSection
	GlobalSection(ProjectConfigurationPlatforms) = postSolution
		{7339091F-13A0-4353-8DED-589BDFC8FE0F}.Debug|Any CPU.ActiveCfg = Debug|Any CPU
		{7339091F-13A0-4353-8DED-589BDFC8FE0F}.Debug|Any CPU.Build.0 = Debug|Any CPU
		{7339091F-13A0-4353-8DED-589BDFC8FE0F}.Release|Any CPU.ActiveCfg = Release|Any CPU
		{7339091F-13A0-4353-8DED-589BDFC8FE0F}.Release|Any CPU.Build.0 = Release|Any CPU
		{9E2FF6E9-3B20-4C63-A0F2-ACD11CF74245}.Debug|Any CPU.ActiveCfg = Debug|Any CPU
		{9E2FF6E9-3B20-4C63-A0F2-ACD11CF74245}.Debug|Any CPU.Build.0 = Debug|Any CPU
		{9E2FF6E9-3B20-4C63-A0F2-ACD11CF74245}.Release|Any CPU.ActiveCfg = Debug|Any CPU
		{9E2FF6E9-3B20-4C63-A0F2-ACD11CF74245}.Release|Any CPU.Build.0 = Debug|Any CPU
	EndGlobalSection
	GlobalSection(SolutionProperties) = preSolution
		HideSolutionNode = FALSE
	EndGlobalSection
EndGlobal
